
Microsoft Visual Studio Solution File, Format Version 12.00
# Visual Studio Version 17
VisualStudioVersion = 17.5.33516.290
MinimumVisualStudioVersion = 10.0.40219.1
Project("{9A19103F-16F7-4668-BE54-9A1E7A4F7556}") = "FYJ.IOT.TenantApp", "FYJ.IOT.TenantApp.csproj", "{CDCDF127-A062-4CD0-8916-DFE508A24E10}"
EndProject
Global
	GlobalSection(SolutionConfigurationPlatforms) = preSolution
		Debug|Any CPU = Debug|Any CPU
		Release|Any CPU = Release|Any CPU
	EndGlobalSection
	GlobalSection(ProjectConfigurationPlatforms) = postSolution
		{CDCDF127-A062-4CD0-8916-DFE508A24E10}.Debug|Any CPU.ActiveCfg = Debug|Any CPU
		{CDCDF127-A062-4CD0-8916-DFE508A24E10}.Debug|Any CPU.Build.0 = Debug|Any CPU
		{CDCDF127-A062-4CD0-8916-DFE508A24E10}.Release|Any CPU.ActiveCfg = Release|Any CPU
		{CDCDF127-A062-4CD0-8916-DFE508A24E10}.Release|Any CPU.Build.0 = Release|Any CPU
	EndGlobalSection
	GlobalSection(SolutionProperties) = preSolution
		HideSolutionNode = FALSE
	EndGlobalSection
	GlobalSection(ExtensibilityGlobals) = postSolution
		SolutionGuid = {123BCCBF-B754-4C94-99CA-A0A141628BB4}
	EndGlobalSection
EndGlobal
